<?xml version="1.0" encoding="utf-8"?>
<Project ToolsVersion="4.0" xmlns="http://schemas.microsoft.com/developer/msbuild/2003">
  <ItemGroup>
    <ClCompile Include="stdafx.cpp" />
    <ClCompile Include="Passager.cpp" />
    <ClCompile Include="Train.cpp" />
  </ItemGroup>
  <ItemGroup>
    <ClInclude Include="stdafx.h" />
    <ClInclude Include="targetver.h" />
    <ClInclude Include="constantes.h" />
    <ClInclude Include="Passager.h" />
    <ClInclude Include="Train.h" />
    <ClInclude Include="wagon.h" />
  </ItemGroup>
</Project>